
Microsoft Visual Studio Solution File, Format Version 11.00
# Visual Studio 2010
Project("{159641D6-6404-4A2A-AE62-294DE0FE8301}") = "PkgTemplate", "PkgTemplate.dtproj", "{BACDE647-1657-49AB-B58B-2ED33951C45F}"
EndProject
Global
	GlobalSection(SolutionConfigurationPlatforms) = preSolution
		Development|Default = Development|Default
	EndGlobalSection
	GlobalSection(ProjectConfigurationPlatforms) = postSolution
		{BACDE647-1657-49AB-B58B-2ED33951C45F}.Development|Default.ActiveCfg = Development
		{BACDE647-1657-49AB-B58B-2ED33951C45F}.Development|Default.Build.0 = Development
	EndGlobalSection
	GlobalSection(SolutionProperties) = preSolution
		HideSolutionNode = FALSE
	EndGlobalSection
EndGlobal
